
Microsoft Visual Studio Solution File, Format Version 11.00
# Visual C# Express 2010
Project("{FAE04EC0-301F-11D3-BF4B-00C04F79EFBC}") = "TestBitmap", "TestBitmap\TestBitmap.csproj", "{23AAB562-B3A2-445D-A837-C0031671F115}"
EndProject
Global
	GlobalSection(SolutionConfigurationPlatforms) = preSolution
		Debug|x86 = Debug|x86
		Release|x86 = Release|x86
	EndGlobalSection
	GlobalSection(ProjectConfigurationPlatforms) = postSolution
		{23AAB562-B3A2-445D-A837-C0031671F115}.Debug|x86.ActiveCfg = Debug|x86
		{23AAB562-B3A2-445D-A837-C0031671F115}.Debug|x86.Build.0 = Debug|x86
		{23AAB562-B3A2-445D-A837-C0031671F115}.Release|x86.ActiveCfg = Release|x86
		{23AAB562-B3A2-445D-A837-C0031671F115}.Release|x86.Build.0 = Release|x86
	EndGlobalSection
	GlobalSection(SolutionProperties) = preSolution
		HideSolutionNode = FALSE
	EndGlobalSection
EndGlobal
